{
  "_comment": "POC version pins. JSON; read by tools/sync-protos.sh and CI.",
  "openshell": {
    "repo": "https://github.com/NVIDIA/OpenShell",
    "tag": "v0.1.2",
    "commit": "6648bd0c290efbc41ba131ee9831ee45cd431f94",
    "protos": {
      "proto/extension.proto": "60f28ee9dc846d41152f4db7e82a439c78d024786efaceb464900d1d1ad129ad",
      "proto/supervisor_middleware.proto": "bee96ac940303d8a7530e6e2283a98077bb428a05ef610b51d018ea18377bebd"
    },
    "images": {
      "_note": "Record the gateway and supervisor image digests at M0 step 0.3"
    }
  },
  "host": {
    "node": ">=22",
    "docker": ">=28",
    "kernel": ">=6.2",
    "landlockAbi": 3
  },
  "metamynd": {
    "backend": {
      "repo": "https://github.com/jasimp18/AgentSafe",
      "commit": "ba2c819052c6503c744404ece0bf43a36894e905",
      "note": "main after AgentSafe PR #785 (gate fixes)"
    },
    "service": {
      "apiBase": "https://metamynd.ai/api/v1",
      "release": "v1.85.0",
      "note": "hosted instance the POC targets. M0-M4 ran on v1.71.0 (contains #785); v1.72.0 (asynchronous decision path) was deployed on 30 Sep 2026 and the M5 latency re-measured on it; v1.72.1 (agentsafe-http-gateway 0.16.0: answer first, settle after) and v1.72.2 (the SDKs keep idle connections for 60 s: guard 0.17.1, mcp-guard 0.17.2, http-gateway 0.16.1) followed the same day. v1.74.0 (1 Oct) added the push-invalidated bundle cache; the SDKs were moved to the v1.83.0 releases on 5 Oct 2026 (guard 0.28.4, mcp-guard 0.26.1, http-gateway 0.25.1, signer 0.20.1), which require a gateway to name the agents it acts for and its owner principal. On 6 Oct 2026 they moved to the v1.84.0 releases (guard 0.31.1, mcp-guard 0.27.0, http-gateway 0.26.0, signer 0.20.3): metamynd.ai v1.84 refuses a claim of a person-approved hold that does not state the approved context, which mcp-guard 0.26.x does not send. v1.85.0 changed no SDK. MetaMynd holds the Hedera operator account."
    },
    "packages": {
      "@metamynd/agentsafe-guard": "0.34.x",
      "@metamynd/agentsafe-http-gateway": "0.28.x",
      "@metamynd/agentsafe-mcp-guard": "0.29.x",
      "@metamynd/agentsafe-signer": "0.21.x"
    }
  }
}
