{
  "_comment": "POC version pins. JSON; read by tools/sync-protos.sh and CI.",
  "openshell": {
    "repo": "https://github.com/NVIDIA/OpenShell",
    "tag": "v0.1.2",
    "commit": "6648bd0c290efbc41ba131ee9831ee45cd431f94",
    "protos": {
      "proto/extension.proto": "60f28ee9dc846d41152f4db7e82a439c78d024786efaceb464900d1d1ad129ad",
      "proto/supervisor_middleware.proto": "bee96ac940303d8a7530e6e2283a98077bb428a05ef610b51d018ea18377bebd"
    },
    "images": {
      "_note": "Record the gateway and supervisor image digests at M0 step 0.3"
    }
  },
  "host": {
    "node": ">=22",
    "docker": ">=28",
    "kernel": ">=6.2",
    "landlockAbi": 3
  },
  "metamynd": {
    "backend": {
      "repo": "https://github.com/jasimp18/AgentSafe",
      "commit": "ba2c819052c6503c744404ece0bf43a36894e905",
      "note": "main after AgentSafe PR #785 (gate fixes)"
    },
    "service": {
      "apiBase": "https://metamynd.ai/api/v1",
      "release": "v1.71.0",
      "note": "hosted instance the POC targets; v1.71.0 contains #785. MetaMynd holds the Hedera operator account."
    },
    "packages": {
      "@metamynd/agentsafe-guard": "0.17.x",
      "@metamynd/agentsafe-http-gateway": "0.15.x",
      "@metamynd/agentsafe-mcp-guard": "0.17.x",
      "@metamynd/agentsafe-signer": "0.19.x"
    }
  }
}
